{
  "nodes": {
    "blink": {
      "flake": false,
      "locked": {
        "path": "blink.nix",
        "type": "path"
      },
      "original": {
        "path": "blink.nix",
        "type": "path"
      },
      "parent": [
        "nixvim-modules"
      ]
    },
    "bufdelete": {
      "flake": false,
      "locked": {
        "path": "bufdelete.nix",
        "type": "path"
      },
      "original": {
        "path": "bufdelete.nix",
        "type": "path"
      },
      "parent": [
        "nixvim-modules"
      ]
    },
    "bufferline": {
      "flake": false,
      "locked": {
        "path": "bufferline.nix",
        "type": "path"
      },
      "original": {
        "path": "bufferline.nix",
        "type": "path"
      },
      "parent": [
        "nixvim-modules"
      ]
    },
    "ccc": {
      "flake": false,
      "locked": {
        "path": "ccc.nix",
        "type": "path"
      },
      "original": {
        "path": "ccc.nix",
        "type": "path"
      },
      "parent": [
        "nixvim-modules"
      ]
    },
    "colorscheme": {
      "flake": false,
      "locked": {
        "path": "colorscheme.nix",
        "type": "path"
      },
      "original": {
        "path": "colorscheme.nix",
        "type": "path"
      },
      "parent": [
        "nixvim-modules"
      ]
    },
    "comment": {
      "flake": false,
      "locked": {
        "path": "comment.nix",
        "type": "path"
      },
      "original": {
        "path": "comment.nix",
        "type": "path"
      },
      "parent": [
        "nixvim-modules"
      ]
    },
    "coverage": {
      "flake": false,
      "locked": {
        "path": "coverage.nix",
        "type": "path"
      },
      "original": {
        "path": "coverage.nix",
        "type": "path"
      },
      "parent": [
        "nixvim-modules"
      ]
    },
    "dap": {
      "flake": false,
      "locked": {
        "path": "dap.nix",
        "type": "path"
      },
      "original": {
        "path": "dap.nix",
        "type": "path"
      },
      "parent": [
        "nixvim-modules"
      ]
    },
    "default": {
      "flake": false,
      "locked": {
        "path": "default.nix",
        "type": "path"
      },
      "original": {
        "path": "default.nix",
        "type": "path"
      },
      "parent": [
        "nixvim-modules"
      ]
    },
    "devenv-root": {
      "flake": false,
      "locked": {
        "narHash": "sha256-d6xi4mKdjkX2JFicDIv5niSzpyI0m/Hnm8GGAIU04kY=",
        "type": "file",
        "url": "file:///dev/null"
      },
      "original": {
        "type": "file",
        "url": "file:///dev/null"
      }
    },
    "diagram": {
      "flake": false,
      "locked": {
        "path": "diagram.nix",
        "type": "path"
      },
      "original": {
        "path": "diagram.nix",
        "type": "path"
      },
      "parent": [
        "nixvim-modules"
      ]
    },
    "docker": {
      "flake": false,
      "locked": {
        "path": "docker.nix",
        "type": "path"
      },
      "original": {
        "path": "docker.nix",
        "type": "path"
      },
      "parent": [
        "nixvim-modules",
        "environments"
      ]
    },
    "environments": {
      "inputs": {
        "docker": "docker",
        "flake-parts": [
          "nixvim-modules",
          "flake-parts"
        ],
        "godot": "godot",
        "obsidian": "obsidian",
        "python": "python",
        "rust": "rust",
        "typescript": "typescript"
      },
      "locked": {
        "path": "environments",
        "type": "path"
      },
      "original": {
        "path": "environments",
        "type": "path"
      },
      "parent": [
        "nixvim-modules"
      ]
    },
    "femaco": {
      "flake": false,
      "locked": {
        "path": "femaco.nix",
        "type": "path"
      },
      "original": {
        "path": "femaco.nix",
        "type": "path"
      },
      "parent": [
        "nixvim-modules"
      ]
    },
    "flake-module": {
      "flake": false,
      "locked": {
        "path": "flake-module.nix",
        "type": "path"
      },
      "original": {
        "path": "flake-module.nix",
        "type": "path"
      },
      "parent": []
    },
    "flake-parts": {
      "inputs": {
        "nixpkgs-lib": [
          "nixvim",
          "nixpkgs"
        ]
      },
      "locked": {
        "lastModified": 1763759067,
        "narHash": "sha256-LlLt2Jo/gMNYAwOgdRQBrsRoOz7BPRkzvNaI/fzXi2Q=",
        "owner": "hercules-ci",
        "repo": "flake-parts",
        "rev": "2cccadc7357c0ba201788ae99c4dfa90728ef5e0",
        "type": "github"
      },
      "original": {
        "owner": "hercules-ci",
        "repo": "flake-parts",
        "type": "github"
      }
    },
    "gitsigns": {
      "flake": false,
      "locked": {
        "path": "gitsigns.nix",
        "type": "path"
      },
      "original": {
        "path": "gitsigns.nix",
        "type": "path"
      },
      "parent": [
        "nixvim-modules"
      ]
    },
    "godot": {
      "flake": false,
      "locked": {
        "path": "godot.nix",
        "type": "path"
      },
      "original": {
        "path": "godot.nix",
        "type": "path"
      },
      "parent": [
        "nixvim-modules",
        "environments"
      ]
    },
    "indent-blankline": {
      "flake": false,
      "locked": {
        "path": "indent-blankline.nix",
        "type": "path"
      },
      "original": {
        "path": "indent-blankline.nix",
        "type": "path"
      },
      "parent": [
        "nixvim-modules"
      ]
    },
    "lspsaga": {
      "flake": false,
      "locked": {
        "path": "lspsaga.nix",
        "type": "path"
      },
      "original": {
        "path": "lspsaga.nix",
        "type": "path"
      },
      "parent": [
        "nixvim-modules"
      ]
    },
    "lualine": {
      "flake": false,
      "locked": {
        "path": "lualine.nix",
        "type": "path"
      },
      "original": {
        "path": "lualine.nix",
        "type": "path"
      },
      "parent": [
        "nixvim-modules"
      ]
    },
    "maxine": {
      "flake": false,
      "locked": {
        "path": "maxine.nix",
        "type": "path"
      },
      "original": {
        "path": "maxine.nix",
        "type": "path"
      },
      "parent": [
        "nixvim-modules",
        "user-preferences"
      ]
    },
    "neogit": {
      "flake": false,
      "locked": {
        "path": "neogit.nix",
        "type": "path"
      },
      "original": {
        "path": "neogit.nix",
        "type": "path"
      },
      "parent": [
        "nixvim-modules"
      ]
    },
    "nixpkgs": {
      "locked": {
        "lastModified": 1764856222,
        "narHash": "sha256-yEJmtoFu4cJre1NuU4fb8q57Oux+NTbocnALtJ64aEI=",
        "owner": "NixOS",
        "repo": "nixpkgs",
        "rev": "ece6e266caf1effab32eceef0403b797b4330373",
        "type": "github"
      },
      "original": {
        "owner": "NixOS",
        "ref": "nixpkgs-unstable",
        "repo": "nixpkgs",
        "type": "github"
      }
    },
    "nixvim": {
      "inputs": {
        "flake-parts": [
          "flake-parts"
        ],
        "nixpkgs": "nixpkgs",
        "systems": "systems"
      },
      "locked": {
        "lastModified": 1764942275,
        "narHash": "sha256-ilPl/NCTxabL4kL+hpK6slcTdrqfr0KfyFrRjQt+sps=",
        "owner": "nix-community",
        "repo": "nixvim",
        "rev": "812d7e639d0be7b0ed5aa50990ce0028a43215c8",
        "type": "github"
      },
      "original": {
        "owner": "nix-community",
        "repo": "nixvim",
        "type": "github"
      }
    },
    "nixvim-modules": {
      "inputs": {
        "blink": "blink",
        "bufdelete": "bufdelete",
        "bufferline": "bufferline",
        "ccc": "ccc",
        "colorscheme": "colorscheme",
        "comment": "comment",
        "coverage": "coverage",
        "dap": "dap",
        "default": "default",
        "diagram": "diagram",
        "environments": "environments",
        "femaco": "femaco",
        "flake-parts": [
          "flake-parts"
        ],
        "gitsigns": "gitsigns",
        "indent-blankline": "indent-blankline",
        "lspsaga": "lspsaga",
        "lualine": "lualine",
        "neogit": "neogit",
        "nixpkgs": [
          "nixpkgs"
        ],
        "notify": "notify",
        "persisted": "persisted",
        "rainbow-delimiters": "rainbow-delimiters",
        "render-markdown": "render-markdown",
        "telescope": "telescope",
        "transparent": "transparent",
        "treesitter": "treesitter",
        "trouble": "trouble",
        "user-preferences": "user-preferences"
      },
      "locked": {
        "path": "config",
        "type": "path"
      },
      "original": {
        "path": "config",
        "type": "path"
      },
      "parent": []
    },
    "notify": {
      "flake": false,
      "locked": {
        "path": "notify.nix",
        "type": "path"
      },
      "original": {
        "path": "notify.nix",
        "type": "path"
      },
      "parent": [
        "nixvim-modules"
      ]
    },
    "obsidian": {
      "flake": false,
      "locked": {
        "path": "obsidian.nix",
        "type": "path"
      },
      "original": {
        "path": "obsidian.nix",
        "type": "path"
      },
      "parent": [
        "nixvim-modules",
        "environments"
      ]
    },
    "partitions": {
      "flake": false,
      "locked": {
        "path": "partitions.nix",
        "type": "path"
      },
      "original": {
        "path": "partitions.nix",
        "type": "path"
      },
      "parent": []
    },
    "persisted": {
      "flake": false,
      "locked": {
        "path": "persisted.nix",
        "type": "path"
      },
      "original": {
        "path": "persisted.nix",
        "type": "path"
      },
      "parent": [
        "nixvim-modules"
      ]
    },
    "python": {
      "flake": false,
      "locked": {
        "path": "python.nix",
        "type": "path"
      },
      "original": {
        "path": "python.nix",
        "type": "path"
      },
      "parent": [
        "nixvim-modules",
        "environments"
      ]
    },
    "rainbow-delimiters": {
      "flake": false,
      "locked": {
        "path": "rainbow-delimiters.nix",
        "type": "path"
      },
      "original": {
        "path": "rainbow-delimiters.nix",
        "type": "path"
      },
      "parent": [
        "nixvim-modules"
      ]
    },
    "render-markdown": {
      "flake": false,
      "locked": {
        "path": "render-markdown.nix",
        "type": "path"
      },
      "original": {
        "path": "render-markdown.nix",
        "type": "path"
      },
      "parent": [
        "nixvim-modules"
      ]
    },
    "root": {
      "inputs": {
        "devenv-root": "devenv-root",
        "flake-module": "flake-module",
        "flake-parts": "flake-parts",
        "nixpkgs": [
          "nixvim",
          "nixpkgs"
        ],
        "nixvim": "nixvim",
        "nixvim-modules": "nixvim-modules",
        "partitions": "partitions"
      }
    },
    "rust": {
      "flake": false,
      "locked": {
        "path": "rust.nix",
        "type": "path"
      },
      "original": {
        "path": "rust.nix",
        "type": "path"
      },
      "parent": [
        "nixvim-modules",
        "environments"
      ]
    },
    "systems": {
      "locked": {
        "lastModified": 1681028828,
        "narHash": "sha256-Vy1rq5AaRuLzOxct8nz4T6wlgyUR7zLU309k9mBC768=",
        "owner": "nix-systems",
        "repo": "default",
        "rev": "da67096a3b9bf56a91d16901293e51ba5b49a27e",
        "type": "github"
      },
      "original": {
        "owner": "nix-systems",
        "repo": "default",
        "type": "github"
      }
    },
    "telescope": {
      "flake": false,
      "locked": {
        "path": "telescope.nix",
        "type": "path"
      },
      "original": {
        "path": "telescope.nix",
        "type": "path"
      },
      "parent": [
        "nixvim-modules"
      ]
    },
    "transparent": {
      "flake": false,
      "locked": {
        "path": "transparent.nix",
        "type": "path"
      },
      "original": {
        "path": "transparent.nix",
        "type": "path"
      },
      "parent": [
        "nixvim-modules"
      ]
    },
    "treesitter": {
      "flake": false,
      "locked": {
        "path": "treesitter.nix",
        "type": "path"
      },
      "original": {
        "path": "treesitter.nix",
        "type": "path"
      },
      "parent": [
        "nixvim-modules"
      ]
    },
    "trouble": {
      "flake": false,
      "locked": {
        "path": "trouble.nix",
        "type": "path"
      },
      "original": {
        "path": "trouble.nix",
        "type": "path"
      },
      "parent": [
        "nixvim-modules"
      ]
    },
    "typescript": {
      "flake": false,
      "locked": {
        "path": "typescript.nix",
        "type": "path"
      },
      "original": {
        "path": "typescript.nix",
        "type": "path"
      },
      "parent": [
        "nixvim-modules",
        "environments"
      ]
    },
    "user-preferences": {
      "inputs": {
        "flake-parts": [
          "nixvim-modules",
          "flake-parts"
        ],
        "maxine": "maxine"
      },
      "locked": {
        "path": "users",
        "type": "path"
      },
      "original": {
        "path": "users",
        "type": "path"
      },
      "parent": [
        "nixvim-modules"
      ]
    }
  },
  "root": "root",
  "version": 7
}
